// !$*UTF8*$!
{
	archiveVersion = 1;
	classes = {
	};
	objectVersion = 46;
	objects = {

/* Begin PBXBuildFile section */
		F4A530161B9FA13E00764313 /* PlanIt in Resources */ = {isa = PBXBuildFile; fileRef = F4A530151B9FA13E00764313 /* PlanIt */; settings = {ASSET_TAGS = (); }; };
		F4E5D93A1B936FCB00C39D12 /* Assets.xcassets in Resources */ = {isa = PBXBuildFile; fileRef = F4E5D9391B936FCB00C39D12 /* Assets.xcassets */; };
		F4E5D9481B936FCB00C39D12 /* PlanItTests.swift in Sources */ = {isa = PBXBuildFile; fileRef = F4E5D9471B936FCB00C39D12 /* PlanItTests.swift */; };
		F4E5D9531B936FCB00C39D12 /* PlanItUITests.swift in Sources */ = {isa = PBXBuildFile; fileRef = F4E5D9521B936FCB00C39D12 /* PlanItUITests.swift */; };
/* End PBXBuildFile section */

/* Begin PBXContainerItemProxy section */
		F4E5D9441B936FCB00C39D12 /* PBXContainerItemProxy */ = {
			isa = PBXContainerItemProxy;
			containerPortal = F4E5D92A1B936FCB00C39D12 /* Project object */;
			proxyType = 1;
			remoteGlobalIDString = F4E5D9311B936FCB00C39D12;
			remoteInfo = PlanIt;
		};
		F4E5D94F1B936FCB00C39D12 /* PBXContainerItemProxy */ = {
			isa = PBXContainerItemProxy;
			containerPortal = F4E5D92A1B936FCB00C39D12 /* Project object */;
			proxyType = 1;
			remoteGlobalIDString = F4E5D9311B936FCB00C39D12;
			remoteInfo = PlanIt;
		};
/* End PBXContainerItemProxy section */

/* Begin PBXFileReference section */
		F4A530151B9FA13E00764313 /* PlanIt */ = {isa = PBXFileReference; lastKnownFileType = folder; path = PlanIt; sourceTree = "<group>"; };
		F4E5D9321B936FCB00C39D12 /* PlanIt.app */ = {isa = PBXFileReference; explicitFileType = wrapper.application; includeInIndex = 0; path = PlanIt.app; sourceTree = BUILT_PRODUCTS_DIR; };
		F4E5D9391B936FCB00C39D12 /* Assets.xcassets */ = {isa = PBXFileReference; lastKnownFileType = folder.assetcatalog; name = Assets.xcassets; path = PlanIt/Assets.xcassets; sourceTree = "<group>"; };
		F4E5D9431B936FCB00C39D12 /* PlanItTests.xctest */ = {isa = PBXFileReference; explicitFileType = wrapper.cfbundle; includeInIndex = 0; path = PlanItTests.xctest; sourceTree = BUILT_PRODUCTS_DIR; };
		F4E5D9471B936FCB00C39D12 /* PlanItTests.swift */ = {isa = PBXFileReference; lastKnownFileType = sourcecode.swift; path = PlanItTests.swift; sourceTree = "<group>"; };
		F4E5D9491B936FCB00C39D12 /* Info.plist */ = {isa = PBXFileReference; lastKnownFileType = text.plist.xml; path = Info.plist; sourceTree = "<group>"; };
		F4E5D94E1B936FCB00C39D12 /* PlanItUITests.xctest */ = {isa = PBXFileReference; explicitFileType = wrapper.cfbundle; includeInIndex = 0; path = PlanItUITests.xctest; sourceTree = BUILT_PRODUCTS_DIR; };
		F4E5D9521B936FCB00C39D12 /* PlanItUITests.swift */ = {isa = PBXFileReference; lastKnownFileType = sourcecode.swift; path = PlanItUITests.swift; sourceTree = "<group>"; };
		F4E5D9541B936FCB00C39D12 /* Info.plist */ = {isa = PBXFileReference; lastKnownFileType = text.plist.xml; path = Info.plist; sourceTree = "<group>"; };
/* End PBXFileReference section */

/* Begin PBXFrameworksBuildPhase section */
		F4E5D92F1B936FCB00C39D12 /* Frameworks */ = {
			isa = PBXFrameworksBuildPhase;
			buildActionMask = 2147483647;
			files = (
			);
			runOnlyForDeploymentPostprocessing = 0;
		};
		F4E5D9401B936FCB00C39D12 /* Frameworks */ = {
			isa = PBXFrameworksBuildPhase;
			buildActionMask = 2147483647;
			files = (
			);
			runOnlyForDeploymentPostprocessing = 0;
		};
		F4E5D94B1B936FCB00C39D12 /* Frameworks */ = {
			isa = PBXFrameworksBuildPhase;
			buildActionMask = 2147483647;
			files = (
			);
			runOnlyForDeploymentPostprocessing = 0;
		};
/* End PBXFrameworksBuildPhase section */

/* Begin PBXGroup section */
		F4E5D9291B936FCB00C39D12 = {
			isa = PBXGroup;
			children = (
				F4A530151B9FA13E00764313 /* PlanIt */,
				F4E5D9461B936FCB00C39D12 /* PlanItTests */,
				F4E5D9511B936FCB00C39D12 /* PlanItUITests */,
				F4E5D9331B936FCB00C39D12 /* Products */,
				F4E5D9391B936FCB00C39D12 /* Assets.xcassets */,
			);
			sourceTree = "<group>";
		};
		F4E5D9331B936FCB00C39D12 /* Products */ = {
			isa = PBXGroup;
			children = (
				F4E5D9321B936FCB00C39D12 /* PlanIt.app */,
				F4E5D9431B936FCB00C39D12 /* PlanItTests.xctest */,
				F4E5D94E1B936FCB00C39D12 /* PlanItUITests.xctest */,
			);
			name = Products;
			sourceTree = "<group>";
		};
		F4E5D9461B936FCB00C39D12 /* PlanItTests */ = {
			isa = PBXGroup;
			children = (
				F4E5D9491B936FCB00C39D12 /* Info.plist */,
				F4E5D9471B936FCB00C39D12 /* PlanItTests.swift */,
			);
			path = PlanItTests;
			sourceTree = "<group>";
		};
		F4E5D9511B936FCB00C39D12 /* PlanItUITests */ = {
			isa = PBXGroup;
			children = (
				F4E5D9541B936FCB00C39D12 /* Info.plist */,
				F4E5D9521B936FCB00C39D12 /* PlanItUITests.swift */,
			);
			path = PlanItUITests;
			sourceTree = "<group>";
		};
/* End PBXGroup section */

/* Begin PBXNativeTarget section */
		F4E5D9311B936FCB00C39D12 /* PlanIt */ = {
			isa = PBXNativeTarget;
			buildConfigurationList = F4E5D9571B936FCB00C39D12 /* Build configuration list for PBXNativeTarget "PlanIt" */;
			buildPhases = (
				F4E5D92E1B936FCB00C39D12 /* Sources */,
				F4E5D92F1B936FCB00C39D12 /* Frameworks */,
				F4E5D9301B936FCB00C39D12 /* Resources */,
			);
			buildRules = (
			);
			dependencies = (
			);
			name = PlanIt;
			productName = PlanIt;
			productReference = F4E5D9321B936FCB00C39D12 /* PlanIt.app */;
			productType = "com.apple.product-type.application";
		};
		F4E5D9421B936FCB00C39D12 /* PlanItTests */ = {
			isa = PBXNativeTarget;
			buildConfigurationList = F4E5D95A1B936FCB00C39D12 /* Build configuration list for PBXNativeTarget "PlanItTests" */;
			buildPhases = (
				F4E5D93F1B936FCB00C39D12 /* Sources */,
				F4E5D9401B936FCB00C39D12 /* Frameworks */,
				F4E5D9411B936FCB00C39D12 /* Resources */,
			);
			buildRules = (
			);
			dependencies = (
				F4E5D9451B936FCB00C39D12 /* PBXTargetDependency */,
			);
			name = PlanItTests;
			productName = PlanItTests;
			productReference = F4E5D9431B936FCB00C39D12 /* PlanItTests.xctest */;
			productType = "com.apple.product-type.bundle.unit-test";
		};
		F4E5D94D1B936FCB00C39D12 /* PlanItUITests */ = {
			isa = PBXNativeTarget;
			buildConfigurationList = F4E5D95D1B936FCB00C39D12 /* Build configuration list for PBXNativeTarget "PlanItUITests" */;
			buildPhases = (
				F4E5D94A1B936FCB00C39D12 /* Sources */,
				F4E5D94B1B936FCB00C39D12 /* Frameworks */,
				F4E5D94C1B936FCB00C39D12 /* Resources */,
			);
			buildRules = (
			);
			dependencies = (
				F4E5D9501B936FCB00C39D12 /* PBXTargetDependency */,
			);
			name = PlanItUITests;
			productName = PlanItUITests;
			productReference = F4E5D94E1B936FCB00C39D12 /* PlanItUITests.xctest */;
			productType = "com.apple.product-type.bundle.ui-testing";
		};
/* End PBXNativeTarget section */

/* Begin PBXProject section */
		F4E5D92A1B936FCB00C39D12 /* Project object */ = {
			isa = PBXProject;
			attributes = {
				LastSwiftUpdateCheck = 0700;
				LastUpgradeCheck = 0700;
				ORGANIZATIONNAME = thislooksfun;
				TargetAttributes = {
					F4E5D9311B936FCB00C39D12 = {
						CreatedOnToolsVersion = 7.0;
					};
					F4E5D9421B936FCB00C39D12 = {
						CreatedOnToolsVersion = 7.0;
						TestTargetID = F4E5D9311B936FCB00C39D12;
					};
					F4E5D94D1B936FCB00C39D12 = {
						CreatedOnToolsVersion = 7.0;
						TestTargetID = F4E5D9311B936FCB00C39D12;
					};
				};
			};
			buildConfigurationList = F4E5D92D1B936FCB00C39D12 /* Build configuration list for PBXProject "PlanIt" */;
			compatibilityVersion = "Xcode 3.2";
			developmentRegion = English;
			hasScannedForEncodings = 0;
			knownRegions = (
				en,
				Base,
			);
			mainGroup = F4E5D9291B936FCB00C39D12;
			productRefGroup = F4E5D9331B936FCB00C39D12 /* Products */;
			projectDirPath = "";
			projectRoot = "";
			targets = (
				F4E5D9311B936FCB00C39D12 /* PlanIt */,
				F4E5D9421B936FCB00C39D12 /* PlanItTests */,
				F4E5D94D1B936FCB00C39D12 /* PlanItUITests */,
			);
		};
/* End PBXProject section */

/* Begin PBXResourcesBuildPhase section */
		F4E5D9301B936FCB00C39D12 /* Resources */ = {
			isa = PBXResourcesBuildPhase;
			buildActionMask = 2147483647;
			files = (
				F4A530161B9FA13E00764313 /* PlanIt in Resources */,
				F4E5D93A1B936FCB00C39D12 /* Assets.xcassets in Resources */,
			);
			runOnlyForDeploymentPostprocessing = 0;
		};
		F4E5D9411B936FCB00C39D12 /* Resources */ = {
			isa = PBXResourcesBuildPhase;
			buildActionMask = 2147483647;
			files = (
			);
			runOnlyForDeploymentPostprocessing = 0;
		};
		F4E5D94C1B936FCB00C39D12 /* Resources */ = {
			isa = PBXResourcesBuildPhase;
			buildActionMask = 2147483647;
			files = (
			);
			runOnlyForDeploymentPostprocessing = 0;
		};
/* End PBXResourcesBuildPhase section */

/* Begin PBXSourcesBuildPhase section */
		F4E5D92E1B936FCB00C39D12 /* Sources */ = {
			isa = PBXSourcesBuildPhase;
			buildActionMask = 2147483647;
			files = (
			);
			runOnlyForDeploymentPostprocessing = 0;
		};
		F4E5D93F1B936FCB00C39D12 /* Sources */ = {
			isa = PBXSourcesBuildPhase;
			buildActionMask = 2147483647;
			files = (
				F4E5D9481B936FCB00C39D12 /* PlanItTests.swift in Sources */,
			);
			runOnlyForDeploymentPostprocessing = 0;
		};
		F4E5D94A1B936FCB00C39D12 /* Sources */ = {
			isa = PBXSourcesBuildPhase;
			buildActionMask = 2147483647;
			files = (
				F4E5D9531B936FCB00C39D12 /* PlanItUITests.swift in Sources */,
			);
			runOnlyForDeploymentPostprocessing = 0;
		};
/* End PBXSourcesBuildPhase section */

/* Begin PBXTargetDependency section */
		F4E5D9451B936FCB00C39D12 /* PBXTargetDependency */ = {
			isa = PBXTargetDependency;
			target = F4E5D9311B936FCB00C39D12 /* PlanIt */;
			targetProxy = F4E5D9441B936FCB00C39D12 /* PBXContainerItemProxy */;
		};
		F4E5D9501B936FCB00C39D12 /* PBXTargetDependency */ = {
			isa = PBXTargetDependency;
			target = F4E5D9311B936FCB00C39D12 /* PlanIt */;
			targetProxy = F4E5D94F1B936FCB00C39D12 /* PBXContainerItemProxy */;
		};
/* End PBXTargetDependency section */

/* Begin XCBuildConfiguration section */
		F4E5D9551B936FCB00C39D12 /* Debug */ = {
			isa = XCBuildConfiguration;
			buildSettings = {
				ALWAYS_SEARCH_USER_PATHS = NO;
				CLANG_CXX_LANGUAGE_STANDARD = "gnu++0x";
				CLANG_CXX_LIBRARY = "libc++";
				CLANG_ENABLE_MODULES = YES;
				CLANG_ENABLE_OBJC_ARC = YES;
				CLANG_WARN_BOOL_CONVERSION = YES;
				CLANG_WARN_CONSTANT_CONVERSION = YES;
				CLANG_WARN_DIRECT_OBJC_ISA_USAGE = YES_ERROR;
				CLANG_WARN_EMPTY_BODY = YES;
				CLANG_WARN_ENUM_CONVERSION = YES;
				CLANG_WARN_INT_CONVERSION = YES;
				CLANG_WARN_OBJC_ROOT_CLASS = YES_ERROR;
				CLANG_WARN_UNREACHABLE_CODE = YES;
				CLANG_WARN__DUPLICATE_METHOD_MATCH = YES;
				CODE_SIGN_IDENTITY = "-";
				COPY_PHASE_STRIP = NO;
				DEBUG_INFORMATION_FORMAT = dwarf;
				ENABLE_STRICT_OBJC_MSGSEND = YES;
				ENABLE_TESTABILITY = YES;
				GCC_C_LANGUAGE_STANDARD = gnu99;
				GCC_DYNAMIC_NO_PIC = NO;
				GCC_NO_COMMON_BLOCKS = YES;
				GCC_OPTIMIZATION_LEVEL = 0;
				GCC_PREPROCESSOR_DEFINITIONS = (
					"DEBUG=1",
					"$(inherited)",
				);
				GCC_WARN_64_TO_32_BIT_CONVERSION = YES;
				GCC_WARN_ABOUT_RETURN_TYPE = YES_ERROR;
				GCC_WARN_UNDECLARED_SELECTOR = YES;
				GCC_WARN_UNINITIALIZED_AUTOS = YES_AGGRESSIVE;
				GCC_WARN_UNUSED_FUNCTION = YES;
				GCC_WARN_UNUSED_VARIABLE = YES;
				MACOSX_DEPLOYMENT_TARGET = 10.10;
				MTL_ENABLE_DEBUG_INFO = YES;
				ONLY_ACTIVE_ARCH = YES;
				SDKROOT = macosx;
				SWIFT_OPTIMIZATION_LEVEL = "-Onone";
			};
			name = Debug;
		};
		F4E5D9561B936FCB00C39D12 /* Release */ = {
			isa = XCBuildConfiguration;
			buildSettings = {
				ALWAYS_SEARCH_USER_PATHS = NO;
				CLANG_CXX_LANGUAGE_STANDARD = "gnu++0x";
				CLANG_CXX_LIBRARY = "libc++";
				CLANG_ENABLE_MODULES = YES;
				CLANG_ENABLE_OBJC_ARC = YES;
				CLANG_WARN_BOOL_CONVERSION = YES;
				CLANG_WARN_CONSTANT_CONVERSION = YES;
				CLANG_WARN_DIRECT_OBJC_ISA_USAGE = YES_ERROR;
				CLANG_WARN_EMPTY_BODY = YES;
				CLANG_WARN_ENUM_CONVERSION = YES;
				CLANG_WARN_INT_CONVERSION = YES;
				CLANG_WARN_OBJC_ROOT_CLASS = YES_ERROR;
				CLANG_WARN_UNREACHABLE_CODE = YES;
				CLANG_WARN__DUPLICATE_METHOD_MATCH = YES;
				CODE_SIGN_IDENTITY = "-";
				COPY_PHASE_STRIP = NO;
				DEBUG_INFORMATION_FORMAT = "dwarf-with-dsym";
				ENABLE_NS_ASSERTIONS = NO;
				ENABLE_STRICT_OBJC_MSGSEND = YES;
				GCC_C_LANGUAGE_STANDARD = gnu99;
				GCC_NO_COMMON_BLOCKS = YES;
				GCC_WARN_64_TO_32_BIT_CONVERSION = YES;
				GCC_WARN_ABOUT_RETURN_TYPE = YES_ERROR;
				GCC_WARN_UNDECLARED_SELECTOR = YES;
				GCC_WARN_UNINITIALIZED_AUTOS = YES_AGGRESSIVE;
				GCC_WARN_UNUSED_FUNCTION = YES;
				GCC_WARN_UNUSED_VARIABLE = YES;
				MACOSX_DEPLOYMENT_TARGET = 10.10;
				MTL_ENABLE_DEBUG_INFO = NO;
				SDKROOT = macosx;
			};
			name = Release;
		};
		F4E5D9581B936FCB00C39D12 /* Debug */ = {
			isa = XCBuildConfiguration;
			buildSettings = {
				ASSETCATALOG_COMPILER_APPICON_NAME = AppIcon;
				CLANG_ENABLE_MODULES = YES;
				COMBINE_HIDPI_IMAGES = YES;
				INFOPLIST_FILE = PlanIt/Info.plist;
				LD_RUNPATH_SEARCH_PATHS = "$(inherited) @executable_path/../Frameworks";
				PRODUCT_BUNDLE_IDENTIFIER = thislooksfun.PlanIt;
				PRODUCT_NAME = "$(TARGET_NAME)";
				SWIFT_OBJC_BRIDGING_HEADER = "PlanIt/Obj-C/PlanIt-Bridging-Header.h";
				SWIFT_OPTIMIZATION_LEVEL = "-Onone";
			};
			name = Debug;
		};
		F4E5D9591B936FCB00C39D12 /* Release */ = {
			isa = XCBuildConfiguration;
			buildSettings = {
				ASSETCATALOG_COMPILER_APPICON_NAME = AppIcon;
				CLANG_ENABLE_MODULES = YES;
				COMBINE_HIDPI_IMAGES = YES;
				INFOPLIST_FILE = PlanIt/Info.plist;
				LD_RUNPATH_SEARCH_PATHS = "$(inherited) @executable_path/../Frameworks";
				PRODUCT_BUNDLE_IDENTIFIER = thislooksfun.PlanIt;
				PRODUCT_NAME = "$(TARGET_NAME)";
				SWIFT_OBJC_BRIDGING_HEADER = "PlanIt/Obj-C/PlanIt-Bridging-Header.h";
			};
			name = Release;
		};
		F4E5D95B1B936FCB00C39D12 /* Debug */ = {
			isa = XCBuildConfiguration;
			buildSettings = {
				BUNDLE_LOADER = "$(TEST_HOST)";
				COMBINE_HIDPI_IMAGES = YES;
				INFOPLIST_FILE = PlanItTests/Info.plist;
				LD_RUNPATH_SEARCH_PATHS = "$(inherited) @executable_path/../Frameworks @loader_path/../Frameworks";
				PRODUCT_BUNDLE_IDENTIFIER = thislooksfun.PlanItTests;
				PRODUCT_NAME = "$(TARGET_NAME)";
				TEST_HOST = "$(BUILT_PRODUCTS_DIR)/PlanIt.app/Contents/MacOS/PlanIt";
			};
			name = Debug;
		};
		F4E5D95C1B936FCB00C39D12 /* Release */ = {
			isa = XCBuildConfiguration;
			buildSettings = {
				BUNDLE_LOADER = "$(TEST_HOST)";
				COMBINE_HIDPI_IMAGES = YES;
				INFOPLIST_FILE = PlanItTests/Info.plist;
				LD_RUNPATH_SEARCH_PATHS = "$(inherited) @executable_path/../Frameworks @loader_path/../Frameworks";
				PRODUCT_BUNDLE_IDENTIFIER = thislooksfun.PlanItTests;
				PRODUCT_NAME = "$(TARGET_NAME)";
				TEST_HOST = "$(BUILT_PRODUCTS_DIR)/PlanIt.app/Contents/MacOS/PlanIt";
			};
			name = Release;
		};
		F4E5D95E1B936FCB00C39D12 /* Debug */ = {
			isa = XCBuildConfiguration;
			buildSettings = {
				COMBINE_HIDPI_IMAGES = YES;
				INFOPLIST_FILE = PlanItUITests/Info.plist;
				LD_RUNPATH_SEARCH_PATHS = "$(inherited) @executable_path/../Frameworks @loader_path/../Frameworks";
				PRODUCT_BUNDLE_IDENTIFIER = thislooksfun.PlanItUITests;
				PRODUCT_NAME = "$(TARGET_NAME)";
				TEST_TARGET_NAME = PlanIt;
				USES_XCTRUNNER = YES;
			};
			name = Debug;
		};
		F4E5D95F1B936FCB00C39D12 /* Release */ = {
			isa = XCBuildConfiguration;
			buildSettings = {
				COMBINE_HIDPI_IMAGES = YES;
				INFOPLIST_FILE = PlanItUITests/Info.plist;
				LD_RUNPATH_SEARCH_PATHS = "$(inherited) @executable_path/../Frameworks @loader_path/../Frameworks";
				PRODUCT_BUNDLE_IDENTIFIER = thislooksfun.PlanItUITests;
				PRODUCT_NAME = "$(TARGET_NAME)";
				TEST_TARGET_NAME = PlanIt;
				USES_XCTRUNNER = YES;
			};
			name = Release;
		};
/* End XCBuildConfiguration section */

/* Begin XCConfigurationList section */
		F4E5D92D1B936FCB00C39D12 /* Build configuration list for PBXProject "PlanIt" */ = {
			isa = XCConfigurationList;
			buildConfigurations = (
				F4E5D9551B936FCB00C39D12 /* Debug */,
				F4E5D9561B936FCB00C39D12 /* Release */,
			);
			defaultConfigurationIsVisible = 0;
			defaultConfigurationName = Release;
		};
		F4E5D9571B936FCB00C39D12 /* Build configuration list for PBXNativeTarget "PlanIt" */ = {
			isa = XCConfigurationList;
			buildConfigurations = (
				F4E5D9581B936FCB00C39D12 /* Debug */,
				F4E5D9591B936FCB00C39D12 /* Release */,
			);
			defaultConfigurationIsVisible = 0;
			defaultConfigurationName = Release;
		};
		F4E5D95A1B936FCB00C39D12 /* Build configuration list for PBXNativeTarget "PlanItTests" */ = {
			isa = XCConfigurationList;
			buildConfigurations = (
				F4E5D95B1B936FCB00C39D12 /* Debug */,
				F4E5D95C1B936FCB00C39D12 /* Release */,
			);
			defaultConfigurationIsVisible = 0;
			defaultConfigurationName = Release;
		};
		F4E5D95D1B936FCB00C39D12 /* Build configuration list for PBXNativeTarget "PlanItUITests" */ = {
			isa = XCConfigurationList;
			buildConfigurations = (
				F4E5D95E1B936FCB00C39D12 /* Debug */,
				F4E5D95F1B936FCB00C39D12 /* Release */,
			);
			defaultConfigurationIsVisible = 0;
			defaultConfigurationName = Release;
		};
/* End XCConfigurationList section */
	};
	rootObject = F4E5D92A1B936FCB00C39D12 /* Project object */;
}
